Microsoft Visual Studio Solution File, Format Version 12.00
# Visual Studio 2012
Project("{FAE04EC0-301F-11D3-BF4B-00C04F79EFBC}") = "G3_Gardening_Game_Godot", "G3_Gardening_Game_Godot.csproj", "{A246A68C-F1DA-417D-B8F2-ED24EDACCBEA}"
EndProject
Global
	GlobalSection(SolutionConfigurationPlatforms) = preSolution
	Debug|Any CPU = Debug|Any CPU
	ExportDebug|Any CPU = ExportDebug|Any CPU
	ExportRelease|Any CPU = ExportRelease|Any CPU
	EndGlobalSection
	GlobalSection(ProjectConfigurationPlatforms) = postSolution
		{A246A68C-F1DA-417D-B8F2-ED24EDACCBEA}.Debug|Any CPU.ActiveCfg = Debug|Any CPU
		{A246A68C-F1DA-417D-B8F2-ED24EDACCBEA}.Debug|Any CPU.Build.0 = Debug|Any CPU
		{A246A68C-F1DA-417D-B8F2-ED24EDACCBEA}.ExportDebug|Any CPU.ActiveCfg = ExportDebug|Any CPU
		{A246A68C-F1DA-417D-B8F2-ED24EDACCBEA}.ExportDebug|Any CPU.Build.0 = ExportDebug|Any CPU
		{A246A68C-F1DA-417D-B8F2-ED24EDACCBEA}.ExportRelease|Any CPU.ActiveCfg = ExportRelease|Any CPU
		{A246A68C-F1DA-417D-B8F2-ED24EDACCBEA}.ExportRelease|Any CPU.Build.0 = ExportRelease|Any CPU
	EndGlobalSection
EndGlobal
